
Microsoft Visual Studio Solution File, Format Version 12.00
# Visual Studio Version 16
VisualStudioVersion = 16.0.29512.175
MinimumVisualStudioVersion = 10.0.40219.1
Project("{9A19103F-16F7-4668-BE54-9A1E7A4F7556}") = "Components.Server", "Components\Server\Components.Server.csproj", "{33C056CD-345C-4C69-86F2-1AF2412E1511}"
EndProject
Project("{9A19103F-16F7-4668-BE54-9A1E7A4F7556}") = "Components.Client", "Components\Client\Components.Client.csproj", "{BF56CF5C-399D-4E3B-9E39-750B2FB35C35}"
EndProject
Project("{9A19103F-16F7-4668-BE54-9A1E7A4F7556}") = "Components.Shared", "Components\Shared\Components.Shared.csproj", "{EFAE3C81-D177-40A1-B03D-FD2FF58C788F}"
EndProject
Project("{9A19103F-16F7-4668-BE54-9A1E7A4F7556}") = "Layouts", "Layouts\Layouts.csproj", "{2D1F33D9-8993-4987-A11C-D2141D12888D}"
EndProject
Project("{9A19103F-16F7-4668-BE54-9A1E7A4F7556}") = "101", "101\101.csproj", "{AF17B210-CB49-46E1-AA07-12D69E8C3329}"
EndProject
Project("{9A19103F-16F7-4668-BE54-9A1E7A4F7556}") = "Lifecycle", "Lifecycle\Lifecycle.csproj", "{15390BFD-000B-4F69-B5E8-E15B74711EDB}"
EndProject
Project("{9A19103F-16F7-4668-BE54-9A1E7A4F7556}") = "FormsAndValidation", "FormsAndValidation\FormsAndValidation.csproj", "{4FB52276-601A-46AF-88DA-723ED4B9BE28}"
EndProject
Global
	GlobalSection(SolutionConfigurationPlatforms) = preSolution
		Debug|Any CPU = Debug|Any CPU
		Release|Any CPU = Release|Any CPU
	EndGlobalSection
	GlobalSection(ProjectConfigurationPlatforms) = postSolution
		{33C056CD-345C-4C69-86F2-1AF2412E1511}.Debug|Any CPU.ActiveCfg = Debug|Any CPU
		{33C056CD-345C-4C69-86F2-1AF2412E1511}.Debug|Any CPU.Build.0 = Debug|Any CPU
		{33C056CD-345C-4C69-86F2-1AF2412E1511}.Release|Any CPU.ActiveCfg = Release|Any CPU
		{33C056CD-345C-4C69-86F2-1AF2412E1511}.Release|Any CPU.Build.0 = Release|Any CPU
		{BF56CF5C-399D-4E3B-9E39-750B2FB35C35}.Debug|Any CPU.ActiveCfg = Debug|Any CPU
		{BF56CF5C-399D-4E3B-9E39-750B2FB35C35}.Debug|Any CPU.Build.0 = Debug|Any CPU
		{BF56CF5C-399D-4E3B-9E39-750B2FB35C35}.Release|Any CPU.ActiveCfg = Release|Any CPU
		{BF56CF5C-399D-4E3B-9E39-750B2FB35C35}.Release|Any CPU.Build.0 = Release|Any CPU
		{EFAE3C81-D177-40A1-B03D-FD2FF58C788F}.Debug|Any CPU.ActiveCfg = Debug|Any CPU
		{EFAE3C81-D177-40A1-B03D-FD2FF58C788F}.Debug|Any CPU.Build.0 = Debug|Any CPU
		{EFAE3C81-D177-40A1-B03D-FD2FF58C788F}.Release|Any CPU.ActiveCfg = Release|Any CPU
		{EFAE3C81-D177-40A1-B03D-FD2FF58C788F}.Release|Any CPU.Build.0 = Release|Any CPU
		{2D1F33D9-8993-4987-A11C-D2141D12888D}.Debug|Any CPU.ActiveCfg = Debug|Any CPU
		{2D1F33D9-8993-4987-A11C-D2141D12888D}.Debug|Any CPU.Build.0 = Debug|Any CPU
		{2D1F33D9-8993-4987-A11C-D2141D12888D}.Release|Any CPU.ActiveCfg = Release|Any CPU
		{2D1F33D9-8993-4987-A11C-D2141D12888D}.Release|Any CPU.Build.0 = Release|Any CPU
		{AF17B210-CB49-46E1-AA07-12D69E8C3329}.Debug|Any CPU.ActiveCfg = Debug|Any CPU
		{AF17B210-CB49-46E1-AA07-12D69E8C3329}.Debug|Any CPU.Build.0 = Debug|Any CPU
		{AF17B210-CB49-46E1-AA07-12D69E8C3329}.Release|Any CPU.ActiveCfg = Release|Any CPU
		{AF17B210-CB49-46E1-AA07-12D69E8C3329}.Release|Any CPU.Build.0 = Release|Any CPU
		{15390BFD-000B-4F69-B5E8-E15B74711EDB}.Debug|Any CPU.ActiveCfg = Debug|Any CPU
		{15390BFD-000B-4F69-B5E8-E15B74711EDB}.Debug|Any CPU.Build.0 = Debug|Any CPU
		{15390BFD-000B-4F69-B5E8-E15B74711EDB}.Release|Any CPU.ActiveCfg = Release|Any CPU
		{15390BFD-000B-4F69-B5E8-E15B74711EDB}.Release|Any CPU.Build.0 = Release|Any CPU
		{4FB52276-601A-46AF-88DA-723ED4B9BE28}.Debug|Any CPU.ActiveCfg = Debug|Any CPU
		{4FB52276-601A-46AF-88DA-723ED4B9BE28}.Debug|Any CPU.Build.0 = Debug|Any CPU
		{4FB52276-601A-46AF-88DA-723ED4B9BE28}.Release|Any CPU.ActiveCfg = Release|Any CPU
		{4FB52276-601A-46AF-88DA-723ED4B9BE28}.Release|Any CPU.Build.0 = Release|Any CPU
	EndGlobalSection
	GlobalSection(SolutionProperties) = preSolution
		HideSolutionNode = FALSE
	EndGlobalSection
	GlobalSection(ExtensibilityGlobals) = postSolution
		SolutionGuid = {9CFCBB15-C21C-46CB-8F09-9F5AA9BB6EE1}
	EndGlobalSection
EndGlobal
